
Microsoft Visual Studio Solution File, Format Version 12.00
# Visual Studio Version 16
VisualStudioVersion = 16.0.31129.286
MinimumVisualStudioVersion = 10.0.40219.1
Project("{2150E333-8FDC-42A3-9474-1A3956D46DE8}") = "src", "src", "{DBE6A4AB-8F93-43AD-B0BC-87C53C28F30E}"
EndProject
Project("{2150E333-8FDC-42A3-9474-1A3956D46DE8}") = "test", "test", "{95F7BE49-0D24-428B-8E13-7E19CD5AA80B}"
EndProject
Project("{2150E333-8FDC-42A3-9474-1A3956D46DE8}") = "API", "API", "{EFBC4765-C891-4CFB-BF46-D28F516D07AC}"
EndProject
Project("{FAE04EC0-301F-11D3-BF4B-00C04F79EFBC}") = "FiledPayment.API", "FiledPayment.API\FiledPayment.API.csproj", "{CD9AEE11-5AB7-45D4-825D-7E8A21A97A74}"
EndProject
Project("{2150E333-8FDC-42A3-9474-1A3956D46DE8}") = "Core", "Core", "{03CC48F4-99A7-42D5-9233-3252BDB6EFE7}"
EndProject
Project("{FAE04EC0-301F-11D3-BF4B-00C04F79EFBC}") = "FiledPayment.Domain", "FiledPayment.Domain\FiledPayment.Domain.csproj", "{F2FB289B-99E7-4D9F-8980-1AF9C8202C04}"
EndProject
Project("{2150E333-8FDC-42A3-9474-1A3956D46DE8}") = "Infrastructure", "Infrastructure", "{D7204C01-3D56-4737-B82F-787FF9287391}"
EndProject
Project("{FAE04EC0-301F-11D3-BF4B-00C04F79EFBC}") = "FiledPayment.Persistence", "FiledPayment.Persistence\FiledPayment.Persistence.csproj", "{F821B158-3733-459D-BA77-0F540EF557E2}"
EndProject
Project("{FAE04EC0-301F-11D3-BF4B-00C04F79EFBC}") = "FiledPayment.Application", "FiledPayment.Application\FiledPayment.Application.csproj", "{9672BD79-792F-451F-9160-CBEF4028BCB1}"
EndProject
Project("{FAE04EC0-301F-11D3-BF4B-00C04F79EFBC}") = "FiledPayment.Services", "FiledPayment.Services\FiledPayment.Services.csproj", "{3CAB96FC-37D6-4D84-89AB-E87486E930C8}"
EndProject
Project("{FAE04EC0-301F-11D3-BF4B-00C04F79EFBC}") = "FiledPayment.Services.UnitTests", "FiledPayment.Services.UnitTests\FiledPayment.Services.UnitTests.csproj", "{6DE381C5-37B5-48F7-9AE3-080296CF366F}"
EndProject
Project("{FAE04EC0-301F-11D3-BF4B-00C04F79EFBC}") = "FiledPayment.API.UnitTests", "FiledPayment.API.UnitTests\FiledPayment.API.UnitTests.csproj", "{5E08A6F8-D668-4733-86B7-9DDAEE6F72A5}"
EndProject
Global
	GlobalSection(SolutionConfigurationPlatforms) = preSolution
		Debug|Any CPU = Debug|Any CPU
		Release|Any CPU = Release|Any CPU
	EndGlobalSection
	GlobalSection(ProjectConfigurationPlatforms) = postSolution
		{CD9AEE11-5AB7-45D4-825D-7E8A21A97A74}.Debug|Any CPU.ActiveCfg = Debug|Any CPU
		{CD9AEE11-5AB7-45D4-825D-7E8A21A97A74}.Debug|Any CPU.Build.0 = Debug|Any CPU
		{CD9AEE11-5AB7-45D4-825D-7E8A21A97A74}.Release|Any CPU.ActiveCfg = Release|Any CPU
		{CD9AEE11-5AB7-45D4-825D-7E8A21A97A74}.Release|Any CPU.Build.0 = Release|Any CPU
		{F2FB289B-99E7-4D9F-8980-1AF9C8202C04}.Debug|Any CPU.ActiveCfg = Debug|Any CPU
		{F2FB289B-99E7-4D9F-8980-1AF9C8202C04}.Debug|Any CPU.Build.0 = Debug|Any CPU
		{F2FB289B-99E7-4D9F-8980-1AF9C8202C04}.Release|Any CPU.ActiveCfg = Release|Any CPU
		{F2FB289B-99E7-4D9F-8980-1AF9C8202C04}.Release|Any CPU.Build.0 = Release|Any CPU
		{F821B158-3733-459D-BA77-0F540EF557E2}.Debug|Any CPU.ActiveCfg = Debug|Any CPU
		{F821B158-3733-459D-BA77-0F540EF557E2}.Debug|Any CPU.Build.0 = Debug|Any CPU
		{F821B158-3733-459D-BA77-0F540EF557E2}.Release|Any CPU.ActiveCfg = Release|Any CPU
		{F821B158-3733-459D-BA77-0F540EF557E2}.Release|Any CPU.Build.0 = Release|Any CPU
		{9672BD79-792F-451F-9160-CBEF4028BCB1}.Debug|Any CPU.ActiveCfg = Debug|Any CPU
		{9672BD79-792F-451F-9160-CBEF4028BCB1}.Debug|Any CPU.Build.0 = Debug|Any CPU
		{9672BD79-792F-451F-9160-CBEF4028BCB1}.Release|Any CPU.ActiveCfg = Release|Any CPU
		{9672BD79-792F-451F-9160-CBEF4028BCB1}.Release|Any CPU.Build.0 = Release|Any CPU
		{3CAB96FC-37D6-4D84-89AB-E87486E930C8}.Debug|Any CPU.ActiveCfg = Debug|Any CPU
		{3CAB96FC-37D6-4D84-89AB-E87486E930C8}.Debug|Any CPU.Build.0 = Debug|Any CPU
		{3CAB96FC-37D6-4D84-89AB-E87486E930C8}.Release|Any CPU.ActiveCfg = Release|Any CPU
		{3CAB96FC-37D6-4D84-89AB-E87486E930C8}.Release|Any CPU.Build.0 = Release|Any CPU
		{6DE381C5-37B5-48F7-9AE3-080296CF366F}.Debug|Any CPU.ActiveCfg = Debug|Any CPU
		{6DE381C5-37B5-48F7-9AE3-080296CF366F}.Debug|Any CPU.Build.0 = Debug|Any CPU
		{6DE381C5-37B5-48F7-9AE3-080296CF366F}.Release|Any CPU.ActiveCfg = Release|Any CPU
		{6DE381C5-37B5-48F7-9AE3-080296CF366F}.Release|Any CPU.Build.0 = Release|Any CPU
		{5E08A6F8-D668-4733-86B7-9DDAEE6F72A5}.Debug|Any CPU.ActiveCfg = Debug|Any CPU
		{5E08A6F8-D668-4733-86B7-9DDAEE6F72A5}.Debug|Any CPU.Build.0 = Debug|Any CPU
		{5E08A6F8-D668-4733-86B7-9DDAEE6F72A5}.Release|Any CPU.ActiveCfg = Release|Any CPU
		{5E08A6F8-D668-4733-86B7-9DDAEE6F72A5}.Release|Any CPU.Build.0 = Release|Any CPU
	EndGlobalSection
	GlobalSection(SolutionProperties) = preSolution
		HideSolutionNode = FALSE
	EndGlobalSection
	GlobalSection(NestedProjects) = preSolution
		{EFBC4765-C891-4CFB-BF46-D28F516D07AC} = {DBE6A4AB-8F93-43AD-B0BC-87C53C28F30E}
		{CD9AEE11-5AB7-45D4-825D-7E8A21A97A74} = {EFBC4765-C891-4CFB-BF46-D28F516D07AC}
		{03CC48F4-99A7-42D5-9233-3252BDB6EFE7} = {DBE6A4AB-8F93-43AD-B0BC-87C53C28F30E}
		{F2FB289B-99E7-4D9F-8980-1AF9C8202C04} = {03CC48F4-99A7-42D5-9233-3252BDB6EFE7}
		{D7204C01-3D56-4737-B82F-787FF9287391} = {DBE6A4AB-8F93-43AD-B0BC-87C53C28F30E}
		{F821B158-3733-459D-BA77-0F540EF557E2} = {D7204C01-3D56-4737-B82F-787FF9287391}
		{9672BD79-792F-451F-9160-CBEF4028BCB1} = {03CC48F4-99A7-42D5-9233-3252BDB6EFE7}
		{3CAB96FC-37D6-4D84-89AB-E87486E930C8} = {D7204C01-3D56-4737-B82F-787FF9287391}
		{6DE381C5-37B5-48F7-9AE3-080296CF366F} = {95F7BE49-0D24-428B-8E13-7E19CD5AA80B}
		{5E08A6F8-D668-4733-86B7-9DDAEE6F72A5} = {95F7BE49-0D24-428B-8E13-7E19CD5AA80B}
	EndGlobalSection
	GlobalSection(ExtensibilityGlobals) = postSolution
		SolutionGuid = {C772A06E-6FE5-4CC5-BF63-5E2C17CA0A86}
	EndGlobalSection
EndGlobal
